{
    "_meta": {
        "hash": {
            "sha256": "b766eea9988d122efaa1ae1589392c65cc9fc5f6c412a6b65cde5a26ff57eb5d"
        },
        "pipfile-spec": 6,
        "requires": {
            "python_version": "3.6"
        },
        "sources": [
            {
                "name": "pypi",
                "url": "https://pypi.org/simple",
                "verify_ssl": true
            }
        ]
    },
    "default": {
        "gunicorn": {
            "hashes": [
                "sha256:9dcc4547dbb1cb284accfb15ab5667a0e5d1881cc443e0677b4882a4067a807e",
                "sha256:e0a968b5ba15f8a328fdfd7ab1fcb5af4470c28aaf7e55df02a99bc13138e6e8"
            ],
            "index": "pypi",
            "version": "==20.1.0"
        },
        "pypinyin": {
            "hashes": [
                "sha256:c2f003b303bd2338d440c7e57f7073e6db8d6f72ca6444fe45dcbca7a0a1d3a1",
                "sha256:ddc03f5d318d6276bb9fd069555ee934b6fd43548f9606f63d2be1a998b19e0b"
            ],
            "index": "https://pypi.tuna.tsinghua.edu.cn/simple",
            "version": "==0.42.0"
        }
    },
    "develop": {}
}
